
Microsoft Visual Studio Solution File, Format Version 12.00
# Visual Studio Version 17
VisualStudioVersion = 17.4.33122.133
MinimumVisualStudioVersion = 10.0.40219.1
Project("{9A19103F-16F7-4668-BE54-9A1E7A4F7556}") = "ReferenceTimer", "ReferenceTimer\ReferenceTimer.csproj", "{24E5B2B4-C3D0-4DC1-A407-877E02C1FE9B}"
EndProject
Project("{FAE04EC0-301F-11D3-BF4B-00C04F79EFBC}") = "ReferenceTimer.Test", "ReferenceTimer.Test\ReferenceTimer.Test.csproj", "{486F2F40-ABFC-4C60-AA65-567418344186}"
EndProject
Global
	GlobalSection(SolutionConfigurationPlatforms) = preSolution
		Debug|Any CPU = Debug|Any CPU
		Release|Any CPU = Release|Any CPU
	EndGlobalSection
	GlobalSection(ProjectConfigurationPlatforms) = postSolution
		{24E5B2B4-C3D0-4DC1-A407-877E02C1FE9B}.Debug|Any CPU.ActiveCfg = Debug|Any CPU
		{24E5B2B4-C3D0-4DC1-A407-877E02C1FE9B}.Debug|Any CPU.Build.0 = Debug|Any CPU
		{24E5B2B4-C3D0-4DC1-A407-877E02C1FE9B}.Release|Any CPU.ActiveCfg = Release|Any CPU
		{24E5B2B4-C3D0-4DC1-A407-877E02C1FE9B}.Release|Any CPU.Build.0 = Release|Any CPU
		{486F2F40-ABFC-4C60-AA65-567418344186}.Debug|Any CPU.ActiveCfg = Debug|Any CPU
		{486F2F40-ABFC-4C60-AA65-567418344186}.Debug|Any CPU.Build.0 = Debug|Any CPU
		{486F2F40-ABFC-4C60-AA65-567418344186}.Release|Any CPU.ActiveCfg = Release|Any CPU
		{486F2F40-ABFC-4C60-AA65-567418344186}.Release|Any CPU.Build.0 = Release|Any CPU
	EndGlobalSection
	GlobalSection(SolutionProperties) = preSolution
		HideSolutionNode = FALSE
	EndGlobalSection
	GlobalSection(ExtensibilityGlobals) = postSolution
		SolutionGuid = {C841BDDF-1D37-4340-BBBE-0EBE7D93AB0A}
	EndGlobalSection
EndGlobal
